PODS:
  - device_info_plus_macos (0.0.1):
    - FlutterMacOS
  - FlutterMacOS (1.0.0)
  - mirrorx_core (0.0.1):
    - FlutterMacOS
  - path_provider_macos (0.0.1):
    - FlutterMacOS
  - texture_render (0.0.1):
    - FlutterMacOS
  - window_size (0.0.2):
    - FlutterMacOS

DEPENDENCIES:
  - device_info_plus_macos (from `Flutter/ephemeral/.symlinks/plugins/device_info_plus_macos/macos`)
  - FlutterMacOS (from `Flutter/ephemeral`)
  - mirrorx_core (from `Flutter/ephemeral/.symlinks/plugins/mirrorx_core/macos`)
  - path_provider_macos (from `Flutter/ephemeral/.symlinks/plugins/path_provider_macos/macos`)
  - texture_render (from `Flutter/ephemeral/.symlinks/plugins/texture_render/macos`)
  - window_size (from `Flutter/ephemeral/.symlinks/plugins/window_size/macos`)

EXTERNAL SOURCES:
  device_info_plus_macos:
    :path: Flutter/ephemeral/.symlinks/plugins/device_info_plus_macos/macos
  FlutterMacOS:
    :path: Flutter/ephemeral
  mirrorx_core:
    :path: Flutter/ephemeral/.symlinks/plugins/mirrorx_core/macos
  path_provider_macos:
    :path: Flutter/ephemeral/.symlinks/plugins/path_provider_macos/macos
  texture_render:
    :path: Flutter/ephemeral/.symlinks/plugins/texture_render/macos
  window_size:
    :path: Flutter/ephemeral/.symlinks/plugins/window_size/macos

SPEC CHECKSUMS:
  device_info_plus_macos: 1ad388a1ef433505c4038e7dd9605aadd1e2e9c7
  FlutterMacOS: 57701585bf7de1b3fc2bb61f6378d73bbdea8424
  mirrorx_core: 5d86e42082724fb7df133a1101d25ec0f766bad6
  path_provider_macos: 3c0c3b4b0d4a76d2bf989a913c2de869c5641a19
  texture_render: 5e37658c4ebe80b97616d91830f7a5d213830ffd
  window_size: 339dafa0b27a95a62a843042038fa6c3c48de195

PODFILE CHECKSUM: 6eac6b3292e5142cfc23bdeb71848a40ec51c14c

COCOAPODS: 1.11.3
